Microsoft Visual Studio Solution File, Format Version 12.00
# Visual Studio Version 17
VisualStudioVersion = 17.5.2.0
MinimumVisualStudioVersion = 10.0.40219.1
Project("{FAE04EC0-301F-11D3-BF4B-00C04F79EFBC}") = "ContasMensais.API", "ContasMensais.API.csproj", "{A831FEDE-2BCF-0C6B-FC48-87B7C91BDC1C}"
EndProject
Global
	GlobalSection(SolutionConfigurationPlatforms) = preSolution
		Debug|Any CPU = Debug|Any CPU
		Release|Any CPU = Release|Any CPU
	EndGlobalSection
	GlobalSection(ProjectConfigurationPlatforms) = postSolution
		{A831FEDE-2BCF-0C6B-FC48-87B7C91BDC1C}.Debug|Any CPU.ActiveCfg = Debug|Any CPU
		{A831FEDE-2BCF-0C6B-FC48-87B7C91BDC1C}.Debug|Any CPU.Build.0 = Debug|Any CPU
		{A831FEDE-2BCF-0C6B-FC48-87B7C91BDC1C}.Release|Any CPU.ActiveCfg = Release|Any CPU
		{A831FEDE-2BCF-0C6B-FC48-87B7C91BDC1C}.Release|Any CPU.Build.0 = Release|Any CPU
	EndGlobalSection
	GlobalSection(SolutionProperties) = preSolution
		HideSolutionNode = FALSE
	EndGlobalSection
	GlobalSection(ExtensibilityGlobals) = postSolution
		SolutionGuid = {57E63C6E-7AB5-47FF-A842-ED79C7A4B60A}
	EndGlobalSection
EndGlobal
